
Microsoft Visual Studio Solution File, Format Version 12.00
# Visual Studio Version 17
VisualStudioVersion = 17.14.37411.7 d17.14
MinimumVisualStudioVersion = 10.0.40219.1
Project("{888888A0-9F3D-457C-B088-3A5042F75D52}") = "agentic-sdlc-runtime", "agentic-sdlc-runtime.pyproj", "{89A23D15-C087-4F47-B3D7-F90B91BBB9A6}"
EndProject
Global
	GlobalSection(SolutionConfigurationPlatforms) = preSolution
		Debug|Any CPU = Debug|Any CPU
		Release|Any CPU = Release|Any CPU
	EndGlobalSection
	GlobalSection(ProjectConfigurationPlatforms) = postSolution
		{89A23D15-C087-4F47-B3D7-F90B91BBB9A6}.Debug|Any CPU.ActiveCfg = Debug|Any CPU
		{89A23D15-C087-4F47-B3D7-F90B91BBB9A6}.Release|Any CPU.ActiveCfg = Release|Any CPU
	EndGlobalSection
	GlobalSection(SolutionProperties) = preSolution
		HideSolutionNode = FALSE
	EndGlobalSection
	GlobalSection(ExtensibilityGlobals) = postSolution
		SolutionGuid = {70439019-81E0-41E8-8E18-B07B7972F748}
	EndGlobalSection
EndGlobal
